
Microsoft Visual Studio Solution File, Format Version 12.00
# Visual Studio Version 17
VisualStudioVersion = 17.3.32611.2
MinimumVisualStudioVersion = 10.0.40219.1
Project("{FAE04EC0-301F-11D3-BF4B-00C04F79EFBC}") = "BlackWhite.MAUI.UWP", "BlackWhite.MAUI\BlackWhite.MAUI.UWP\BlackWhite.MAUI.UWP.csproj", "{8FE42F2F-31C5-4F42-BFC0-1C9F3AAB7F83}"
EndProject
Project("{FAE04EC0-301F-11D3-BF4B-00C04F79EFBC}") = "BlackWhite.MAUI.Android", "BlackWhite.MAUI\BlackWhite.MAUI.Android\BlackWhite.MAUI.Android.csproj", "{7D2C180A-9499-4F10-9FB8-ABFD54B0843A}"
EndProject
Project("{9A19103F-16F7-4668-BE54-9A1E7A4F7556}") = "BlackWhite.MAUI", "BlackWhite.MAUI\BlackWhite.MAUI\BlackWhite.MAUI.csproj", "{C3042408-1FB2-4EC6-BBC5-6C58901EB794}"
EndProject
Project("{FAE04EC0-301F-11D3-BF4B-00C04F79EFBC}") = "BlackWhite.Core", "BlackWhite.Core\BlackWhite.Core.csproj", "{11DE5FF5-8747-4542-8A4C-3AE9E7D9E317}"
EndProject
Global
	GlobalSection(SolutionConfigurationPlatforms) = preSolution
		Debug|Any CPU = Debug|Any CPU
		Debug|ARM = Debug|ARM
		Debug|iPhone = Debug|iPhone
		Debug|iPhoneSimulator = Debug|iPhoneSimulator
		Debug|x64 = Debug|x64
		Debug|x86 = Debug|x86
		Release|Any CPU = Release|Any CPU
		Release|ARM = Release|ARM
		Release|iPhone = Release|iPhone
		Release|iPhoneSimulator = Release|iPhoneSimulator
		Release|x64 = Release|x64
		Release|x86 = Release|x86
	EndGlobalSection
	GlobalSection(ProjectConfigurationPlatforms) = postSolution
		{8FE42F2F-31C5-4F42-BFC0-1C9F3AAB7F83}.Debug|Any CPU.ActiveCfg = Debug|x64
		{8FE42F2F-31C5-4F42-BFC0-1C9F3AAB7F83}.Debug|ARM.ActiveCfg = Debug|ARM
		{8FE42F2F-31C5-4F42-BFC0-1C9F3AAB7F83}.Debug|ARM.Build.0 = Debug|ARM
		{8FE42F2F-31C5-4F42-BFC0-1C9F3AAB7F83}.Debug|ARM.Deploy.0 = Debug|ARM
		{8FE42F2F-31C5-4F42-BFC0-1C9F3AAB7F83}.Debug|iPhone.ActiveCfg = Debug|x64
		{8FE42F2F-31C5-4F42-BFC0-1C9F3AAB7F83}.Debug|iPhoneSimulator.ActiveCfg = Debug|x64
		{8FE42F2F-31C5-4F42-BFC0-1C9F3AAB7F83}.Debug|x64.ActiveCfg = Debug|x64
		{8FE42F2F-31C5-4F42-BFC0-1C9F3AAB7F83}.Debug|x64.Build.0 = Debug|x64
		{8FE42F2F-31C5-4F42-BFC0-1C9F3AAB7F83}.Debug|x64.Deploy.0 = Debug|x64
		{8FE42F2F-31C5-4F42-BFC0-1C9F3AAB7F83}.Debug|x86.ActiveCfg = Debug|x86
		{8FE42F2F-31C5-4F42-BFC0-1C9F3AAB7F83}.Debug|x86.Build.0 = Debug|x86
		{8FE42F2F-31C5-4F42-BFC0-1C9F3AAB7F83}.Debug|x86.Deploy.0 = Debug|x86
		{8FE42F2F-31C5-4F42-BFC0-1C9F3AAB7F83}.Release|Any CPU.ActiveCfg = Release|x64
		{8FE42F2F-31C5-4F42-BFC0-1C9F3AAB7F83}.Release|ARM.ActiveCfg = Release|ARM
		{8FE42F2F-31C5-4F42-BFC0-1C9F3AAB7F83}.Release|ARM.Build.0 = Release|ARM
		{8FE42F2F-31C5-4F42-BFC0-1C9F3AAB7F83}.Release|ARM.Deploy.0 = Release|ARM
		{8FE42F2F-31C5-4F42-BFC0-1C9F3AAB7F83}.Release|iPhone.ActiveCfg = Release|x64
		{8FE42F2F-31C5-4F42-BFC0-1C9F3AAB7F83}.Release|iPhoneSimulator.ActiveCfg = Release|x64
		{8FE42F2F-31C5-4F42-BFC0-1C9F3AAB7F83}.Release|x64.ActiveCfg = Release|x64
		{8FE42F2F-31C5-4F42-BFC0-1C9F3AAB7F83}.Release|x64.Build.0 = Release|x64
		{8FE42F2F-31C5-4F42-BFC0-1C9F3AAB7F83}.Release|x64.Deploy.0 = Release|x64
		{8FE42F2F-31C5-4F42-BFC0-1C9F3AAB7F83}.Release|x86.ActiveCfg = Release|x86
		{8FE42F2F-31C5-4F42-BFC0-1C9F3AAB7F83}.Release|x86.Build.0 = Release|x86
		{8FE42F2F-31C5-4F42-BFC0-1C9F3AAB7F83}.Release|x86.Deploy.0 = Release|x86
		{7D2C180A-9499-4F10-9FB8-ABFD54B0843A}.Debug|Any CPU.ActiveCfg = Debug|Any CPU
		{7D2C180A-9499-4F10-9FB8-ABFD54B0843A}.Debug|Any CPU.Build.0 = Debug|Any CPU
		{7D2C180A-9499-4F10-9FB8-ABFD54B0843A}.Debug|Any CPU.Deploy.0 = Debug|Any CPU
		{7D2C180A-9499-4F10-9FB8-ABFD54B0843A}.Debug|ARM.ActiveCfg = Debug|Any CPU
		{7D2C180A-9499-4F10-9FB8-ABFD54B0843A}.Debug|ARM.Build.0 = Debug|Any CPU
		{7D2C180A-9499-4F10-9FB8-ABFD54B0843A}.Debug|ARM.Deploy.0 = Debug|Any CPU
		{7D2C180A-9499-4F10-9FB8-ABFD54B0843A}.Debug|iPhone.ActiveCfg = Debug|Any CPU
		{7D2C180A-9499-4F10-9FB8-ABFD54B0843A}.Debug|iPhone.Build.0 = Debug|Any CPU
		{7D2C180A-9499-4F10-9FB8-ABFD54B0843A}.Debug|iPhone.Deploy.0 = Debug|Any CPU
		{7D2C180A-9499-4F10-9FB8-ABFD54B0843A}.Debug|iPhoneSimulator.ActiveCfg = Debug|Any CPU
		{7D2C180A-9499-4F10-9FB8-ABFD54B0843A}.Debug|iPhoneSimulator.Build.0 = Debug|Any CPU
		{7D2C180A-9499-4F10-9FB8-ABFD54B0843A}.Debug|iPhoneSimulator.Deploy.0 = Debug|Any CPU
		{7D2C180A-9499-4F10-9FB8-ABFD54B0843A}.Debug|x64.ActiveCfg = Debug|Any CPU
		{7D2C180A-9499-4F10-9FB8-ABFD54B0843A}.Debug|x64.Build.0 = Debug|Any CPU
		{7D2C180A-9499-4F10-9FB8-ABFD54B0843A}.Debug|x64.Deploy.0 = Debug|Any CPU
		{7D2C180A-9499-4F10-9FB8-ABFD54B0843A}.Debug|x86.ActiveCfg = Debug|Any CPU
		{7D2C180A-9499-4F10-9FB8-ABFD54B0843A}.Debug|x86.Build.0 = Debug|Any CPU
		{7D2C180A-9499-4F10-9FB8-ABFD54B0843A}.Debug|x86.Deploy.0 = Debug|Any CPU
		{7D2C180A-9499-4F10-9FB8-ABFD54B0843A}.Release|Any CPU.ActiveCfg = Release|Any CPU
		{7D2C180A-9499-4F10-9FB8-ABFD54B0843A}.Release|Any CPU.Build.0 = Release|Any CPU
		{7D2C180A-9499-4F10-9FB8-ABFD54B0843A}.Release|Any CPU.Deploy.0 = Release|Any CPU
		{7D2C180A-9499-4F10-9FB8-ABFD54B0843A}.Release|ARM.ActiveCfg = Release|Any CPU
		{7D2C180A-9499-4F10-9FB8-ABFD54B0843A}.Release|ARM.Build.0 = Release|Any CPU
		{7D2C180A-9499-4F10-9FB8-ABFD54B0843A}.Release|ARM.Deploy.0 = Release|Any CPU
		{7D2C180A-9499-4F10-9FB8-ABFD54B0843A}.Release|iPhone.ActiveCfg = Release|Any CPU
		{7D2C180A-9499-4F10-9FB8-ABFD54B0843A}.Release|iPhone.Build.0 = Release|Any CPU
		{7D2C180A-9499-4F10-9FB8-ABFD54B0843A}.Release|iPhone.Deploy.0 = Release|Any CPU
		{7D2C180A-9499-4F10-9FB8-ABFD54B0843A}.Release|iPhoneSimulator.ActiveCfg = Release|Any CPU
		{7D2C180A-9499-4F10-9FB8-ABFD54B0843A}.Release|iPhoneSimulator.Build.0 = Release|Any CPU
		{7D2C180A-9499-4F10-9FB8-ABFD54B0843A}.Release|iPhoneSimulator.Deploy.0 = Release|Any CPU
		{7D2C180A-9499-4F10-9FB8-ABFD54B0843A}.Release|x64.ActiveCfg = Release|Any CPU
		{7D2C180A-9499-4F10-9FB8-ABFD54B0843A}.Release|x64.Build.0 = Release|Any CPU
		{7D2C180A-9499-4F10-9FB8-ABFD54B0843A}.Release|x64.Deploy.0 = Release|Any CPU
		{7D2C180A-9499-4F10-9FB8-ABFD54B0843A}.Release|x86.ActiveCfg = Release|Any CPU
		{7D2C180A-9499-4F10-9FB8-ABFD54B0843A}.Release|x86.Build.0 = Release|Any CPU
		{7D2C180A-9499-4F10-9FB8-ABFD54B0843A}.Release|x86.Deploy.0 = Release|Any CPU
		{C3042408-1FB2-4EC6-BBC5-6C58901EB794}.Debug|Any CPU.ActiveCfg = Debug|Any CPU
		{C3042408-1FB2-4EC6-BBC5-6C58901EB794}.Debug|Any CPU.Build.0 = Debug|Any CPU
		{C3042408-1FB2-4EC6-BBC5-6C58901EB794}.Debug|Any CPU.Deploy.0 = Debug|Any CPU
		{C3042408-1FB2-4EC6-BBC5-6C58901EB794}.Debug|ARM.ActiveCfg = Debug|Any CPU
		{C3042408-1FB2-4EC6-BBC5-6C58901EB794}.Debug|ARM.Build.0 = Debug|Any CPU
		{C3042408-1FB2-4EC6-BBC5-6C58901EB794}.Debug|ARM.Deploy.0 = Debug|Any CPU
		{C3042408-1FB2-4EC6-BBC5-6C58901EB794}.Debug|iPhone.ActiveCfg = Debug|Any CPU
		{C3042408-1FB2-4EC6-BBC5-6C58901EB794}.Debug|iPhone.Build.0 = Debug|Any CPU
		{C3042408-1FB2-4EC6-BBC5-6C58901EB794}.Debug|iPhone.Deploy.0 = Debug|Any CPU
		{C3042408-1FB2-4EC6-BBC5-6C58901EB794}.Debug|iPhoneSimulator.ActiveCfg = Debug|Any CPU
		{C3042408-1FB2-4EC6-BBC5-6C58901EB794}.Debug|iPhoneSimulator.Build.0 = Debug|Any CPU
		{C3042408-1FB2-4EC6-BBC5-6C58901EB794}.Debug|iPhoneSimulator.Deploy.0 = Debug|Any CPU
		{C3042408-1FB2-4EC6-BBC5-6C58901EB794}.Debug|x64.ActiveCfg = Debug|Any CPU
		{C3042408-1FB2-4EC6-BBC5-6C58901EB794}.Debug|x64.Build.0 = Debug|Any CPU
		{C3042408-1FB2-4EC6-BBC5-6C58901EB794}.Debug|x64.Deploy.0 = Debug|Any CPU
		{C3042408-1FB2-4EC6-BBC5-6C58901EB794}.Debug|x86.ActiveCfg = Debug|Any CPU
		{C3042408-1FB2-4EC6-BBC5-6C58901EB794}.Debug|x86.Build.0 = Debug|Any CPU
		{C3042408-1FB2-4EC6-BBC5-6C58901EB794}.Debug|x86.Deploy.0 = Debug|Any CPU
		{C3042408-1FB2-4EC6-BBC5-6C58901EB794}.Release|Any CPU.ActiveCfg = Release|Any CPU
		{C3042408-1FB2-4EC6-BBC5-6C58901EB794}.Release|Any CPU.Build.0 = Release|Any CPU
		{C3042408-1FB2-4EC6-BBC5-6C58901EB794}.Release|Any CPU.Deploy.0 = Release|Any CPU
		{C3042408-1FB2-4EC6-BBC5-6C58901EB794}.Release|ARM.ActiveCfg = Release|Any CPU
		{C3042408-1FB2-4EC6-BBC5-6C58901EB794}.Release|ARM.Build.0 = Release|Any CPU
		{C3042408-1FB2-4EC6-BBC5-6C58901EB794}.Release|ARM.Deploy.0 = Release|Any CPU
		{C3042408-1FB2-4EC6-BBC5-6C58901EB794}.Release|iPhone.ActiveCfg = Release|Any CPU
		{C3042408-1FB2-4EC6-BBC5-6C58901EB794}.Release|iPhone.Build.0 = Release|Any CPU
		{C3042408-1FB2-4EC6-BBC5-6C58901EB794}.Release|iPhone.Deploy.0 = Release|Any CPU
		{C3042408-1FB2-4EC6-BBC5-6C58901EB794}.Release|iPhoneSimulator.ActiveCfg = Release|Any CPU
		{C3042408-1FB2-4EC6-BBC5-6C58901EB794}.Release|iPhoneSimulator.Build.0 = Release|Any CPU
		{C3042408-1FB2-4EC6-BBC5-6C58901EB794}.Release|iPhoneSimulator.Deploy.0 = Release|Any CPU
		{C3042408-1FB2-4EC6-BBC5-6C58901EB794}.Release|x64.ActiveCfg = Release|Any CPU
		{C3042408-1FB2-4EC6-BBC5-6C58901EB794}.Release|x64.Build.0 = Release|Any CPU
		{C3042408-1FB2-4EC6-BBC5-6C58901EB794}.Release|x64.Deploy.0 = Release|Any CPU
		{C3042408-1FB2-4EC6-BBC5-6C58901EB794}.Release|x86.ActiveCfg = Release|Any CPU
		{C3042408-1FB2-4EC6-BBC5-6C58901EB794}.Release|x86.Build.0 = Release|Any CPU
		{C3042408-1FB2-4EC6-BBC5-6C58901EB794}.Release|x86.Deploy.0 = Release|Any CPU
		{11DE5FF5-8747-4542-8A4C-3AE9E7D9E317}.Debug|Any CPU.ActiveCfg = Debug|Any CPU
		{11DE5FF5-8747-4542-8A4C-3AE9E7D9E317}.Debug|Any CPU.Build.0 = Debug|Any CPU
		{11DE5FF5-8747-4542-8A4C-3AE9E7D9E317}.Debug|ARM.ActiveCfg = Debug|Any CPU
		{11DE5FF5-8747-4542-8A4C-3AE9E7D9E317}.Debug|ARM.Build.0 = Debug|Any CPU
		{11DE5FF5-8747-4542-8A4C-3AE9E7D9E317}.Debug|iPhone.ActiveCfg = Debug|Any CPU
		{11DE5FF5-8747-4542-8A4C-3AE9E7D9E317}.Debug|iPhone.Build.0 = Debug|Any CPU
		{11DE5FF5-8747-4542-8A4C-3AE9E7D9E317}.Debug|iPhoneSimulator.ActiveCfg = Debug|Any CPU
		{11DE5FF5-8747-4542-8A4C-3AE9E7D9E317}.Debug|iPhoneSimulator.Build.0 = Debug|Any CPU
		{11DE5FF5-8747-4542-8A4C-3AE9E7D9E317}.Debug|x64.ActiveCfg = Debug|Any CPU
		{11DE5FF5-8747-4542-8A4C-3AE9E7D9E317}.Debug|x64.Build.0 = Debug|Any CPU
		{11DE5FF5-8747-4542-8A4C-3AE9E7D9E317}.Debug|x86.ActiveCfg = Debug|Any CPU
		{11DE5FF5-8747-4542-8A4C-3AE9E7D9E317}.Debug|x86.Build.0 = Debug|Any CPU
		{11DE5FF5-8747-4542-8A4C-3AE9E7D9E317}.Release|Any CPU.ActiveCfg = Release|Any CPU
		{11DE5FF5-8747-4542-8A4C-3AE9E7D9E317}.Release|Any CPU.Build.0 = Release|Any CPU
		{11DE5FF5-8747-4542-8A4C-3AE9E7D9E317}.Release|ARM.ActiveCfg = Release|Any CPU
		{11DE5FF5-8747-4542-8A4C-3AE9E7D9E317}.Release|ARM.Build.0 = Release|Any CPU
		{11DE5FF5-8747-4542-8A4C-3AE9E7D9E317}.Release|iPhone.ActiveCfg = Release|Any CPU
		{11DE5FF5-8747-4542-8A4C-3AE9E7D9E317}.Release|iPhone.Build.0 = Release|Any CPU
		{11DE5FF5-8747-4542-8A4C-3AE9E7D9E317}.Release|iPhoneSimulator.ActiveCfg = Release|Any CPU
		{11DE5FF5-8747-4542-8A4C-3AE9E7D9E317}.Release|iPhoneSimulator.Build.0 = Release|Any CPU
		{11DE5FF5-8747-4542-8A4C-3AE9E7D9E317}.Release|x64.ActiveCfg = Release|Any CPU
		{11DE5FF5-8747-4542-8A4C-3AE9E7D9E317}.Release|x64.Build.0 = Release|Any CPU
		{11DE5FF5-8747-4542-8A4C-3AE9E7D9E317}.Release|x86.ActiveCfg = Release|Any CPU
		{11DE5FF5-8747-4542-8A4C-3AE9E7D9E317}.Release|x86.Build.0 = Release|Any CPU
	EndGlobalSection
	GlobalSection(SolutionProperties) = preSolution
		HideSolutionNode = FALSE
	EndGlobalSection
	GlobalSection(ExtensibilityGlobals) = postSolution
		SolutionGuid = {2C1C4C06-4BC5-4400-8871-15CCDA18BE20}
	EndGlobalSection
EndGlobal
